// !$*UTF8*$!
{
	archiveVersion = 1;
	classes = {
	};
	objectVersion = 46;
	objects = {

/* Begin PBXBuildFile section */
		D7634FEB1FCF8B9500A1A478 /* api.h in Headers */ = {isa = PBXBuildFile; fileRef = D7634FC91FCF8B9500A1A478 /* api.h */; };
		D7634FEC1FCF8B9500A1A478 /* bitslice_bma_64.c in Sources */ = {isa = PBXBuildFile; fileRef = D7634FCB1FCF8B9500A1A478 /* bitslice_bma_64.c */; };
		D7634FED1FCF8B9500A1A478 /* bitslice_bma_64.h in Headers */ = {isa = PBXBuildFile; fileRef = D7634FCC1FCF8B9500A1A478 /* bitslice_bma_64.h */; };
		D7634FEE1FCF8B9500A1A478 /* bitslice_fft_64.c in Sources */ = {isa = PBXBuildFile; fileRef = D7634FCD1FCF8B9500A1A478 /* bitslice_fft_64.c */; };
		D7634FEF1FCF8B9500A1A478 /* bitslice_fft_64.h in Headers */ = {isa = PBXBuildFile; fileRef = D7634FCE1FCF8B9500A1A478 /* bitslice_fft_64.h */; };
		D7634FF01FCF8B9500A1A478 /* twiddles.h in Headers */ = {isa = PBXBuildFile; fileRef = D7634FCF1FCF8B9500A1A478 /* twiddles.h */; };
		D7634FF11FCF8B9500A1A478 /* twist_factors_13.h in Headers */ = {isa = PBXBuildFile; fileRef = D7634FD01FCF8B9500A1A478 /* twist_factors_13.h */; };
		D7634FF21FCF8B9500A1A478 /* vector_utils.c in Sources */ = {isa = PBXBuildFile; fileRef = D7634FD11FCF8B9500A1A478 /* vector_utils.c */; };
		D7634FF31FCF8B9500A1A478 /* vector_utils.h in Headers */ = {isa = PBXBuildFile; fileRef = D7634FD21FCF8B9500A1A478 /* vector_utils.h */; };
		D7634FF41FCF8B9500A1A478 /* bits.h in Headers */ = {isa = PBXBuildFile; fileRef = D7634FD31FCF8B9500A1A478 /* bits.h */; };
		D7634FF51FCF8B9500A1A478 /* ff.c in Sources */ = {isa = PBXBuildFile; fileRef = D7634FD41FCF8B9500A1A478 /* ff.c */; };
		D7634FF61FCF8B9500A1A478 /* ff.h in Headers */ = {isa = PBXBuildFile; fileRef = D7634FD51FCF8B9500A1A478 /* ff.h */; };
		D7634FF71FCF8B9500A1A478 /* keccak.c in Sources */ = {isa = PBXBuildFile; fileRef = D7634FD61FCF8B9500A1A478 /* keccak.c */; };
		D7634FF81FCF8B9500A1A478 /* keccak.h in Headers */ = {isa = PBXBuildFile; fileRef = D7634FD71FCF8B9500A1A478 /* keccak.h */; };
		D7634FF91FCF8B9500A1A478 /* kem.c in Sources */ = {isa = PBXBuildFile; fileRef = D7634FD81FCF8B9500A1A478 /* kem.c */; };
		D7634FFA1FCF8B9500A1A478 /* m4r.c in Sources */ = {isa = PBXBuildFile; fileRef = D7634FD91FCF8B9500A1A478 /* m4r.c */; };
		D7634FFB1FCF8B9500A1A478 /* m4r.h in Headers */ = {isa = PBXBuildFile; fileRef = D7634FDA1FCF8B9500A1A478 /* m4r.h */; };
		D7634FFC1FCF8B9500A1A478 /* matrix_ff2.c in Sources */ = {isa = PBXBuildFile; fileRef = D7634FDB1FCF8B9500A1A478 /* matrix_ff2.c */; };
		D7634FFD1FCF8B9500A1A478 /* matrix_ff2.h in Headers */ = {isa = PBXBuildFile; fileRef = D7634FDC1FCF8B9500A1A478 /* matrix_ff2.h */; };
		D7634FFE1FCF8B9500A1A478 /* PQCgenKAT_kem.c in Sources */ = {isa = PBXBuildFile; fileRef = D7634FDE1FCF8B9500A1A478 /* PQCgenKAT_kem.c */; };
		D7634FFF1FCF8B9500A1A478 /* aes_drbg.c in Sources */ = {isa = PBXBuildFile; fileRef = D7634FDF1FCF8B9500A1A478 /* aes_drbg.c */; };
		D76350001FCF8B9500A1A478 /* aes_drbg.h in Headers */ = {isa = PBXBuildFile; fileRef = D7634FE01FCF8B9500A1A478 /* aes_drbg.h */; };
		D76350011FCF8B9500A1A478 /* nts_kem_errors.h in Headers */ = {isa = PBXBuildFile; fileRef = D7634FE11FCF8B9500A1A478 /* nts_kem_errors.h */; };
		D76350021FCF8B9500A1A478 /* nts_kem_params.h in Headers */ = {isa = PBXBuildFile; fileRef = D7634FE21FCF8B9500A1A478 /* nts_kem_params.h */; };
		D76350031FCF8B9500A1A478 /* nts_kem.c in Sources */ = {isa = PBXBuildFile; fileRef = D7634FE31FCF8B9500A1A478 /* nts_kem.c */; };
		D76350041FCF8B9500A1A478 /* nts_kem.h in Headers */ = {isa = PBXBuildFile; fileRef = D7634FE41FCF8B9500A1A478 /* nts_kem.h */; };
		D76350051FCF8B9500A1A478 /* polynomial.c in Sources */ = {isa = PBXBuildFile; fileRef = D7634FE51FCF8B9500A1A478 /* polynomial.c */; };
		D76350061FCF8B9500A1A478 /* polynomial.h in Headers */ = {isa = PBXBuildFile; fileRef = D7634FE61FCF8B9500A1A478 /* polynomial.h */; };
		D76350071FCF8B9500A1A478 /* random.c in Sources */ = {isa = PBXBuildFile; fileRef = D7634FE71FCF8B9500A1A478 /* random.c */; };
		D76350081FCF8B9500A1A478 /* random.h in Headers */ = {isa = PBXBuildFile; fileRef = D7634FE81FCF8B9500A1A478 /* random.h */; };
		D76350191FCF8BD200A1A478 /* main.c in Sources */ = {isa = PBXBuildFile; fileRef = D76350161FCF8BD200A1A478 /* main.c */; };
		D763501A1FCF8BD200A1A478 /* ntskem_test.c in Sources */ = {isa = PBXBuildFile; fileRef = D76350171FCF8BD200A1A478 /* ntskem_test.c */; };
		D763501D1FCF8C3A00A1A478 /* libntskem-13-136-64.a in Frameworks */ = {isa = PBXBuildFile; fileRef = D7634FC11FCF8B6E00A1A478 /* libntskem-13-136-64.a */; };
		D7FE5687238EA53A0038EE7D /* mem.h in Headers */ = {isa = PBXBuildFile; fileRef = D7FE5685238EA53A0038EE7D /* mem.h */; };
		D7FE5688238EA53A0038EE7D /* mem.c in Sources */ = {isa = PBXBuildFile; fileRef = D7FE5686238EA53A0038EE7D /* mem.c */; };
/* End PBXBuildFile section */

/* Begin PBXContainerItemProxy section */
		D763501B1FCF8C3500A1A478 /* PBXContainerItemProxy */ = {
			isa = PBXContainerItemProxy;
			containerPortal = D7634FB91FCF8B6E00A1A478 /* Project object */;
			proxyType = 1;
			remoteGlobalIDString = D7634FC01FCF8B6E00A1A478;
			remoteInfo = "ntskem-13-136-64";
		};
/* End PBXContainerItemProxy section */

/* Begin PBXCopyFilesBuildPhase section */
		D763500D1FCF8BAA00A1A478 /* CopyFiles */ = {
			isa = PBXCopyFilesBuildPhase;
			buildActionMask = 2147483647;
			dstPath = /usr/share/man/man1/;
			dstSubfolderSpec = 0;
			files = (
			);
			runOnlyForDeploymentPostprocessing = 1;
		};
/* End PBXCopyFilesBuildPhase section */

/* Begin PBXFileReference section */
		D7634FC11FCF8B6E00A1A478 /* libntskem-13-136-64.a */ = {isa = PBXFileReference; explicitFileType = archive.ar; includeInIndex = 0; path = "libntskem-13-136-64.a"; sourceTree = BUILT_PRODUCTS_DIR; };
		D7634FC91FCF8B9500A1A478 /* api.h */ = {isa = PBXFileReference; fileEncoding = 4; lastKnownFileType = sourcecode.c.h; name = api.h; path = ../../../submission/Optimized_Implementation/kem/nts_kem_13_136/api.h; sourceTree = "<group>"; };
		D7634FCB1FCF8B9500A1A478 /* bitslice_bma_64.c */ = {isa = PBXFileReference; fileEncoding = 4; lastKnownFileType = sourcecode.c.c; path = bitslice_bma_64.c; sourceTree = "<group>"; };
		D7634FCC1FCF8B9500A1A478 /* bitslice_bma_64.h */ = {isa = PBXFileReference; fileEncoding = 4; lastKnownFileType = sourcecode.c.h; path = bitslice_bma_64.h; sourceTree = "<group>"; };
		D7634FCD1FCF8B9500A1A478 /* bitslice_fft_64.c */ = {isa = PBXFileReference; fileEncoding = 4; lastKnownFileType = sourcecode.c.c; path = bitslice_fft_64.c; sourceTree = "<group>"; };
		D7634FCE1FCF8B9500A1A478 /* bitslice_fft_64.h */ = {isa = PBXFileReference; fileEncoding = 4; lastKnownFileType = sourcecode.c.h; path = bitslice_fft_64.h; sourceTree = "<group>"; };
		D7634FCF1FCF8B9500A1A478 /* twiddles.h */ = {isa = PBXFileReference; fileEncoding = 4; lastKnownFileType = sourcecode.c.h; path = twiddles.h; sourceTree = "<group>"; };
		D7634FD01FCF8B9500A1A478 /* twist_factors_13.h */ = {isa = PBXFileReference; fileEncoding = 4; lastKnownFileType = sourcecode.c.h; path = twist_factors_13.h; sourceTree = "<group>"; };
		D7634FD11FCF8B9500A1A478 /* vector_utils.c */ = {isa = PBXFileReference; fileEncoding = 4; lastKnownFileType = sourcecode.c.c; path = vector_utils.c; sourceTree = "<group>"; };
		D7634FD21FCF8B9500A1A478 /* vector_utils.h */ = {isa = PBXFileReference; fileEncoding = 4; lastKnownFileType = sourcecode.c.h; path = vector_utils.h; sourceTree = "<group>"; };
		D7634FD31FCF8B9500A1A478 /* bits.h */ = {isa = PBXFileReference; fileEncoding = 4; lastKnownFileType = sourcecode.c.h; name = bits.h; path = ../../../submission/Optimized_Implementation/kem/nts_kem_13_136/bits.h; sourceTree = "<group>"; };
		D7634FD41FCF8B9500A1A478 /* ff.c */ = {isa = PBXFileReference; fileEncoding = 4; lastKnownFileType = sourcecode.c.c; name = ff.c; path = ../../../submission/Optimized_Implementation/kem/nts_kem_13_136/ff.c; sourceTree = "<group>"; };
		D7634FD51FCF8B9500A1A478 /* ff.h */ = {isa = PBXFileReference; fileEncoding = 4; lastKnownFileType = sourcecode.c.h; name = ff.h; path = ../../../submission/Optimized_Implementation/kem/nts_kem_13_136/ff.h; sourceTree = "<group>"; };
		D7634FD61FCF8B9500A1A478 /* keccak.c */ = {isa = PBXFileReference; fileEncoding = 4; lastKnownFileType = sourcecode.c.c; name = keccak.c; path = ../../../submission/Optimized_Implementation/kem/nts_kem_13_136/keccak.c; sourceTree = "<group>"; };
		D7634FD71FCF8B9500A1A478 /* keccak.h */ = {isa = PBXFileReference; fileEncoding = 4; lastKnownFileType = sourcecode.c.h; name = keccak.h; path = ../../../submission/Optimized_Implementation/kem/nts_kem_13_136/keccak.h; sourceTree = "<group>"; };
		D7634FD81FCF8B9500A1A478 /* kem.c */ = {isa = PBXFileReference; fileEncoding = 4; lastKnownFileType = sourcecode.c.c; name = kem.c; path = ../../../submission/Optimized_Implementation/kem/nts_kem_13_136/kem.c; sourceTree = "<group>"; };
		D7634FD91FCF8B9500A1A478 /* m4r.c */ = {isa = PBXFileReference; fileEncoding = 4; lastKnownFileType = sourcecode.c.c; name = m4r.c; path = ../../../submission/Optimized_Implementation/kem/nts_kem_13_136/m4r.c; sourceTree = "<group>"; };
		D7634FDA1FCF8B9500A1A478 /* m4r.h */ = {isa = PBXFileReference; fileEncoding = 4; lastKnownFileType = sourcecode.c.h; name = m4r.h; path = ../../../submission/Optimized_Implementation/kem/nts_kem_13_136/m4r.h; sourceTree = "<group>"; };
		D7634FDB1FCF8B9500A1A478 /* matrix_ff2.c */ = {isa = PBXFileReference; fileEncoding = 4; lastKnownFileType = sourcecode.c.c; name = matrix_ff2.c; path = ../../../submission/Optimized_Implementation/kem/nts_kem_13_136/matrix_ff2.c; sourceTree = "<group>"; };
		D7634FDC1FCF8B9500A1A478 /* matrix_ff2.h */ = {isa = PBXFileReference; fileEncoding = 4; lastKnownFileType = sourcecode.c.h; name = matrix_ff2.h; path = ../../../submission/Optimized_Implementation/kem/nts_kem_13_136/matrix_ff2.h; sourceTree = "<group>"; };
		D7634FDE1FCF8B9500A1A478 /* PQCgenKAT_kem.c */ = {isa = PBXFileReference; fileEncoding = 4; lastKnownFileType = sourcecode.c.c; path = PQCgenKAT_kem.c; sourceTree = "<group>"; };
		D7634FDF1FCF8B9500A1A478 /* aes_drbg.c */ = {isa = PBXFileReference; fileEncoding = 4; lastKnownFileType = sourcecode.c.c; path = aes_drbg.c; sourceTree = "<group>"; };
		D7634FE01FCF8B9500A1A478 /* aes_drbg.h */ = {isa = PBXFileReference; fileEncoding = 4; lastKnownFileType = sourcecode.c.h; path = aes_drbg.h; sourceTree = "<group>"; };
		D7634FE11FCF8B9500A1A478 /* nts_kem_errors.h */ = {isa = PBXFileReference; fileEncoding = 4; lastKnownFileType = sourcecode.c.h; name = nts_kem_errors.h; path = ../../../submission/Optimized_Implementation/kem/nts_kem_13_136/nts_kem_errors.h; sourceTree = "<group>"; };
		D7634FE21FCF8B9500A1A478 /* nts_kem_params.h */ = {isa = PBXFileReference; fileEncoding = 4; lastKnownFileType = sourcecode.c.h; name = nts_kem_params.h; path = ../../../submission/Optimized_Implementation/kem/nts_kem_13_136/nts_kem_params.h; sourceTree = "<group>"; };
		D7634FE31FCF8B9500A1A478 /* nts_kem.c */ = {isa = PBXFileReference; fileEncoding = 4; lastKnownFileType = sourcecode.c.c; name = nts_kem.c; path = ../../../submission/Optimized_Implementation/kem/nts_kem_13_136/nts_kem.c; sourceTree = "<group>"; };
		D7634FE41FCF8B9500A1A478 /* nts_kem.h */ = {isa = PBXFileReference; fileEncoding = 4; lastKnownFileType = sourcecode.c.h; name = nts_kem.h; path = ../../../submission/Optimized_Implementation/kem/nts_kem_13_136/nts_kem.h; sourceTree = "<group>"; };
		D7634FE51FCF8B9500A1A478 /* polynomial.c */ = {isa = PBXFileReference; fileEncoding = 4; lastKnownFileType = sourcecode.c.c; name = polynomial.c; path = ../../../submission/Optimized_Implementation/kem/nts_kem_13_136/polynomial.c; sourceTree = "<group>"; };
		D7634FE61FCF8B9500A1A478 /* polynomial.h */ = {isa = PBXFileReference; fileEncoding = 4; lastKnownFileType = sourcecode.c.h; name = polynomial.h; path = ../../../submission/Optimized_Implementation/kem/nts_kem_13_136/polynomial.h; sourceTree = "<group>"; };
		D7634FE71FCF8B9500A1A478 /* random.c */ = {isa = PBXFileReference; fileEncoding = 4; lastKnownFileType = sourcecode.c.c; name = random.c; path = ../../../submission/Optimized_Implementation/kem/nts_kem_13_136/random.c; sourceTree = "<group>"; };
		D7634FE81FCF8B9500A1A478 /* random.h */ = {isa = PBXFileReference; fileEncoding = 4; lastKnownFileType = sourcecode.c.h; name = random.h; path = ../../../submission/Optimized_Implementation/kem/nts_kem_13_136/random.h; sourceTree = "<group>"; };
		D763500F1FCF8BAA00A1A478 /* ntskem-13-136-64-test */ = {isa = PBXFileReference; explicitFileType = "compiled.mach-o.executable"; includeInIndex = 0; path = "ntskem-13-136-64-test"; sourceTree = BUILT_PRODUCTS_DIR; };
		D76350161FCF8BD200A1A478 /* main.c */ = {isa = PBXFileReference; fileEncoding = 4; lastKnownFileType = sourcecode.c.c; name = main.c; path = ../../../../submission/Optimized_Implementation/kem/nts_kem_13_136/test/main.c; sourceTree = "<group>"; };
		D76350171FCF8BD200A1A478 /* ntskem_test.c */ = {isa = PBXFileReference; fileEncoding = 4; lastKnownFileType = sourcecode.c.c; name = ntskem_test.c; path = ../../../../submission/Optimized_Implementation/kem/nts_kem_13_136/test/ntskem_test.c; sourceTree = "<group>"; };
		D76350181FCF8BD200A1A478 /* ntskem_test.h */ = {isa = PBXFileReference; fileEncoding = 4; lastKnownFileType = sourcecode.c.h; name = ntskem_test.h; path = ../../../../submission/Optimized_Implementation/kem/nts_kem_13_136/test/ntskem_test.h; sourceTree = "<group>"; };
		D7FE5685238EA53A0038EE7D /* mem.h */ = {isa = PBXFileReference; lastKnownFileType = sourcecode.c.h; name = mem.h; path = ../../../submission/Optimized_Implementation/kem/nts_kem_13_136/mem.h; sourceTree = "<group>"; };
		D7FE5686238EA53A0038EE7D /* mem.c */ = {isa = PBXFileReference; lastKnownFileType = sourcecode.c.c; name = mem.c; path = ../../../submission/Optimized_Implementation/kem/nts_kem_13_136/mem.c; sourceTree = "<group>"; };
/* End PBXFileReference section */

/* Begin PBXFrameworksBuildPhase section */
		D7634FBE1FCF8B6E00A1A478 /* Frameworks */ = {
			isa = PBXFrameworksBuildPhase;
			buildActionMask = 2147483647;
			files = (
			);
			runOnlyForDeploymentPostprocessing = 0;
		};
		D763500C1FCF8BAA00A1A478 /* Frameworks */ = {
			isa = PBXFrameworksBuildPhase;
			buildActionMask = 2147483647;
			files = (
				D763501D1FCF8C3A00A1A478 /* libntskem-13-136-64.a in Frameworks */,
			);
			runOnlyForDeploymentPostprocessing = 0;
		};
/* End PBXFrameworksBuildPhase section */

/* Begin PBXGroup section */
		D7634FB81FCF8B6E00A1A478 = {
			isa = PBXGroup;
			children = (
				D7634FC81FCF8B7800A1A478 /* src */,
				D76350101FCF8BAA00A1A478 /* ntskem-13-136-64-test */,
				D7634FC21FCF8B6E00A1A478 /* Products */,
			);
			sourceTree = "<group>";
		};
		D7634FC21FCF8B6E00A1A478 /* Products */ = {
			isa = PBXGroup;
			children = (
				D7634FC11FCF8B6E00A1A478 /* libntskem-13-136-64.a */,
				D763500F1FCF8BAA00A1A478 /* ntskem-13-136-64-test */,
			);
			name = Products;
			sourceTree = "<group>";
		};
		D7634FC81FCF8B7800A1A478 /* src */ = {
			isa = PBXGroup;
			children = (
				D7634FCA1FCF8B9500A1A478 /* bit-slice */,
				D7634FDD1FCF8B9500A1A478 /* nist */,
				D7634FC91FCF8B9500A1A478 /* api.h */,
				D7634FD31FCF8B9500A1A478 /* bits.h */,
				D7634FD41FCF8B9500A1A478 /* ff.c */,
				D7634FD51FCF8B9500A1A478 /* ff.h */,
				D7634FD61FCF8B9500A1A478 /* keccak.c */,
				D7634FD71FCF8B9500A1A478 /* keccak.h */,
				D7634FD81FCF8B9500A1A478 /* kem.c */,
				D7634FD91FCF8B9500A1A478 /* m4r.c */,
				D7634FDA1FCF8B9500A1A478 /* m4r.h */,
				D7634FDB1FCF8B9500A1A478 /* matrix_ff2.c */,
				D7634FDC1FCF8B9500A1A478 /* matrix_ff2.h */,
				D7634FE11FCF8B9500A1A478 /* nts_kem_errors.h */,
				D7634FE21FCF8B9500A1A478 /* nts_kem_params.h */,
				D7634FE31FCF8B9500A1A478 /* nts_kem.c */,
				D7634FE41FCF8B9500A1A478 /* nts_kem.h */,
				D7634FE51FCF8B9500A1A478 /* polynomial.c */,
				D7634FE61FCF8B9500A1A478 /* polynomial.h */,
				D7634FE71FCF8B9500A1A478 /* random.c */,
				D7634FE81FCF8B9500A1A478 /* random.h */,
				D7FE5685238EA53A0038EE7D /* mem.h */,
				D7FE5686238EA53A0038EE7D /* mem.c */,
			);
			name = src;
			sourceTree = "<group>";
		};
		D7634FCA1FCF8B9500A1A478 /* bit-slice */ = {
			isa = PBXGroup;
			children = (
				D7634FCB1FCF8B9500A1A478 /* bitslice_bma_64.c */,
				D7634FCC1FCF8B9500A1A478 /* bitslice_bma_64.h */,
				D7634FCD1FCF8B9500A1A478 /* bitslice_fft_64.c */,
				D7634FCE1FCF8B9500A1A478 /* bitslice_fft_64.h */,
				D7634FCF1FCF8B9500A1A478 /* twiddles.h */,
				D7634FD01FCF8B9500A1A478 /* twist_factors_13.h */,
				D7634FD11FCF8B9500A1A478 /* vector_utils.c */,
				D7634FD21FCF8B9500A1A478 /* vector_utils.h */,
			);
			name = "bit-slice";
			path = "../../../submission/Optimized_Implementation/kem/nts_kem_13_136/bit-slice";
			sourceTree = "<group>";
		};
		D7634FDD1FCF8B9500A1A478 /* nist */ = {
			isa = PBXGroup;
			children = (
				D7634FDE1FCF8B9500A1A478 /* PQCgenKAT_kem.c */,
				D7634FDF1FCF8B9500A1A478 /* aes_drbg.c */,
				D7634FE01FCF8B9500A1A478 /* aes_drbg.h */,
			);
			name = nist;
			path = ../../../submission/Optimized_Implementation/kem/nts_kem_13_136/nist;
			sourceTree = "<group>";
		};
		D76350101FCF8BAA00A1A478 /* ntskem-13-136-64-test */ = {
			isa = PBXGroup;
			children = (
				D76350161FCF8BD200A1A478 /* main.c */,
				D76350171FCF8BD200A1A478 /* ntskem_test.c */,
				D76350181FCF8BD200A1A478 /* ntskem_test.h */,
			);
			path = "ntskem-13-136-64-test";
			sourceTree = "<group>";
		};
/* End PBXGroup section */

/* Begin PBXHeadersBuildPhase section */
		D7634FBF1FCF8B6E00A1A478 /* Headers */ = {
			isa = PBXHeadersBuildPhase;
			buildActionMask = 2147483647;
			files = (
				D76350011FCF8B9500A1A478 /* nts_kem_errors.h in Headers */,
				D7634FF41FCF8B9500A1A478 /* bits.h in Headers */,
				D7634FF01FCF8B9500A1A478 /* twiddles.h in Headers */,
				D7634FF81FCF8B9500A1A478 /* keccak.h in Headers */,
				D76350001FCF8B9500A1A478 /* aes_drbg.h in Headers */,
				D76350081FCF8B9500A1A478 /* random.h in Headers */,
				D7FE5687238EA53A0038EE7D /* mem.h in Headers */,
				D7634FF11FCF8B9500A1A478 /* twist_factors_13.h in Headers */,
				D76350061FCF8B9500A1A478 /* polynomial.h in Headers */,
				D76350021FCF8B9500A1A478 /* nts_kem_params.h in Headers */,
				D7634FFD1FCF8B9500A1A478 /* matrix_ff2.h in Headers */,
				D7634FEF1FCF8B9500A1A478 /* bitslice_fft_64.h in Headers */,
				D76350041FCF8B9500A1A478 /* nts_kem.h in Headers */,
				D7634FED1FCF8B9500A1A478 /* bitslice_bma_64.h in Headers */,
				D7634FFB1FCF8B9500A1A478 /* m4r.h in Headers */,
				D7634FEB1FCF8B9500A1A478 /* api.h in Headers */,
				D7634FF61FCF8B9500A1A478 /* ff.h in Headers */,
				D7634FF31FCF8B9500A1A478 /* vector_utils.h in Headers */,
			);
			runOnlyForDeploymentPostprocessing = 0;
		};
/* End PBXHeadersBuildPhase section */

/* Begin PBXNativeTarget section */
		D7634FC01FCF8B6E00A1A478 /* ntskem-13-136-64 */ = {
			isa = PBXNativeTarget;
			buildConfigurationList = D7634FC51FCF8B6E00A1A478 /* Build configuration list for PBXNativeTarget "ntskem-13-136-64" */;
			buildPhases = (
				D7634FBD1FCF8B6E00A1A478 /* Sources */,
				D7634FBE1FCF8B6E00A1A478 /* Frameworks */,
				D7634FBF1FCF8B6E00A1A478 /* Headers */,
			);
			buildRules = (
			);
			dependencies = (
			);
			name = "ntskem-13-136-64";
			productName = "ntskem-13-136-64";
			productReference = D7634FC11FCF8B6E00A1A478 /* libntskem-13-136-64.a */;
			productType = "com.apple.product-type.library.static";
		};
		D763500E1FCF8BAA00A1A478 /* ntskem-13-136-64-test */ = {
			isa = PBXNativeTarget;
			buildConfigurationList = D76350131FCF8BAA00A1A478 /* Build configuration list for PBXNativeTarget "ntskem-13-136-64-test" */;
			buildPhases = (
				D763500B1FCF8BAA00A1A478 /* Sources */,
				D763500C1FCF8BAA00A1A478 /* Frameworks */,
				D763500D1FCF8BAA00A1A478 /* CopyFiles */,
			);
			buildRules = (
			);
			dependencies = (
				D763501C1FCF8C3500A1A478 /* PBXTargetDependency */,
			);
			name = "ntskem-13-136-64-test";
			productName = "ntskem-13-136-64-test";
			productReference = D763500F1FCF8BAA00A1A478 /* ntskem-13-136-64-test */;
			productType = "com.apple.product-type.tool";
		};
/* End PBXNativeTarget section */

/* Begin PBXProject section */
		D7634FB91FCF8B6E00A1A478 /* Project object */ = {
			isa = PBXProject;
			attributes = {
				LastUpgradeCheck = 0820;
				ORGANIZATIONNAME = "Post-Quantum";
				TargetAttributes = {
					D7634FC01FCF8B6E00A1A478 = {
						CreatedOnToolsVersion = 8.2.1;
						ProvisioningStyle = Automatic;
					};
					D763500E1FCF8BAA00A1A478 = {
						CreatedOnToolsVersion = 8.2.1;
						ProvisioningStyle = Automatic;
					};
				};
			};
			buildConfigurationList = D7634FBC1FCF8B6E00A1A478 /* Build configuration list for PBXProject "ntskem-13-136-64" */;
			compatibilityVersion = "Xcode 3.2";
			developmentRegion = English;
			hasScannedForEncodings = 0;
			knownRegions = (
				English,
				en,
			);
			mainGroup = D7634FB81FCF8B6E00A1A478;
			productRefGroup = D7634FC21FCF8B6E00A1A478 /* Products */;
			projectDirPath = "";
			projectRoot = "";
			targets = (
				D7634FC01FCF8B6E00A1A478 /* ntskem-13-136-64 */,
				D763500E1FCF8BAA00A1A478 /* ntskem-13-136-64-test */,
			);
		};
/* End PBXProject section */

/* Begin PBXSourcesBuildPhase section */
		D7634FBD1FCF8B6E00A1A478 /* Sources */ = {
			isa = PBXSourcesBuildPhase;
			buildActionMask = 2147483647;
			files = (
				D7634FEC1FCF8B9500A1A478 /* bitslice_bma_64.c in Sources */,
				D7634FF51FCF8B9500A1A478 /* ff.c in Sources */,
				D7634FF21FCF8B9500A1A478 /* vector_utils.c in Sources */,
				D7634FFE1FCF8B9500A1A478 /* PQCgenKAT_kem.c in Sources */,
				D76350031FCF8B9500A1A478 /* nts_kem.c in Sources */,
				D7634FF91FCF8B9500A1A478 /* kem.c in Sources */,
				D7634FFA1FCF8B9500A1A478 /* m4r.c in Sources */,
				D7634FF71FCF8B9500A1A478 /* keccak.c in Sources */,
				D7634FEE1FCF8B9500A1A478 /* bitslice_fft_64.c in Sources */,
				D7FE5688238EA53A0038EE7D /* mem.c in Sources */,
				D76350051FCF8B9500A1A478 /* polynomial.c in Sources */,
				D76350071FCF8B9500A1A478 /* random.c in Sources */,
				D7634FFF1FCF8B9500A1A478 /* aes_drbg.c in Sources */,
				D7634FFC1FCF8B9500A1A478 /* matrix_ff2.c in Sources */,
			);
			runOnlyForDeploymentPostprocessing = 0;
		};
		D763500B1FCF8BAA00A1A478 /* Sources */ = {
			isa = PBXSourcesBuildPhase;
			buildActionMask = 2147483647;
			files = (
				D76350191FCF8BD200A1A478 /* main.c in Sources */,
				D763501A1FCF8BD200A1A478 /* ntskem_test.c in Sources */,
			);
			runOnlyForDeploymentPostprocessing = 0;
		};
/* End PBXSourcesBuildPhase section */

/* Begin PBXTargetDependency section */
		D763501C1FCF8C3500A1A478 /* PBXTargetDependency */ = {
			isa = PBXTargetDependency;
			target = D7634FC01FCF8B6E00A1A478 /* ntskem-13-136-64 */;
			targetProxy = D763501B1FCF8C3500A1A478 /* PBXContainerItemProxy */;
		};
/* End PBXTargetDependency section */

/* Begin XCBuildConfiguration section */
		D7634FC31FCF8B6E00A1A478 /* Debug */ = {
			isa = XCBuildConfiguration;
			buildSettings = {
				ALWAYS_SEARCH_USER_PATHS = NO;
				CLANG_ANALYZER_NONNULL = YES;
				CLANG_CXX_LANGUAGE_STANDARD = "gnu++0x";
				CLANG_CXX_LIBRARY = "libc++";
				CLANG_ENABLE_MODULES = YES;
				CLANG_ENABLE_OBJC_ARC = YES;
				CLANG_WARN_BOOL_CONVERSION = YES;
				CLANG_WARN_CONSTANT_CONVERSION = YES;
				CLANG_WARN_DIRECT_OBJC_ISA_USAGE = YES_ERROR;
				CLANG_WARN_DOCUMENTATION_COMMENTS = YES;
				CLANG_WARN_EMPTY_BODY = YES;
				CLANG_WARN_ENUM_CONVERSION = YES;
				CLANG_WARN_INFINITE_RECURSION = YES;
				CLANG_WARN_INT_CONVERSION = YES;
				CLANG_WARN_OBJC_ROOT_CLASS = YES_ERROR;
				CLANG_WARN_SUSPICIOUS_MOVE = YES;
				CLANG_WARN_UNREACHABLE_CODE = YES;
				CLANG_WARN__DUPLICATE_METHOD_MATCH = YES;
				CODE_SIGN_IDENTITY = "-";
				COPY_PHASE_STRIP = NO;
				DEBUG_INFORMATION_FORMAT = dwarf;
				ENABLE_STRICT_OBJC_MSGSEND = YES;
				ENABLE_TESTABILITY = YES;
				GCC_C_LANGUAGE_STANDARD = gnu99;
				GCC_DYNAMIC_NO_PIC = NO;
				GCC_NO_COMMON_BLOCKS = YES;
				GCC_OPTIMIZATION_LEVEL = 0;
				GCC_PREPROCESSOR_DEFINITIONS = (
					"DEBUG=1",
					"$(inherited)",
				);
				GCC_WARN_64_TO_32_BIT_CONVERSION = YES;
				GCC_WARN_ABOUT_RETURN_TYPE = YES_ERROR;
				GCC_WARN_UNDECLARED_SELECTOR = YES;
				GCC_WARN_UNINITIALIZED_AUTOS = YES_AGGRESSIVE;
				GCC_WARN_UNUSED_FUNCTION = YES;
				GCC_WARN_UNUSED_VARIABLE = YES;
				MACOSX_DEPLOYMENT_TARGET = 10.11;
				MTL_ENABLE_DEBUG_INFO = YES;
				ONLY_ACTIVE_ARCH = YES;
				SDKROOT = macosx;
			};
			name = Debug;
		};
		D7634FC41FCF8B6E00A1A478 /* Release */ = {
			isa = XCBuildConfiguration;
			buildSettings = {
				ALWAYS_SEARCH_USER_PATHS = NO;
				CLANG_ANALYZER_NONNULL = YES;
				CLANG_CXX_LANGUAGE_STANDARD = "gnu++0x";
				CLANG_CXX_LIBRARY = "libc++";
				CLANG_ENABLE_MODULES = YES;
				CLANG_ENABLE_OBJC_ARC = YES;
				CLANG_WARN_BOOL_CONVERSION = YES;
				CLANG_WARN_CONSTANT_CONVERSION = YES;
				CLANG_WARN_DIRECT_OBJC_ISA_USAGE = YES_ERROR;
				CLANG_WARN_DOCUMENTATION_COMMENTS = YES;
				CLANG_WARN_EMPTY_BODY = YES;
				CLANG_WARN_ENUM_CONVERSION = YES;
				CLANG_WARN_INFINITE_RECURSION = YES;
				CLANG_WARN_INT_CONVERSION = YES;
				CLANG_WARN_OBJC_ROOT_CLASS = YES_ERROR;
				CLANG_WARN_SUSPICIOUS_MOVE = YES;
				CLANG_WARN_UNREACHABLE_CODE = YES;
				CLANG_WARN__DUPLICATE_METHOD_MATCH = YES;
				CODE_SIGN_IDENTITY = "-";
				COPY_PHASE_STRIP = NO;
				DEBUG_INFORMATION_FORMAT = "dwarf-with-dsym";
				ENABLE_NS_ASSERTIONS = NO;
				ENABLE_STRICT_OBJC_MSGSEND = YES;
				GCC_C_LANGUAGE_STANDARD = gnu99;
				GCC_NO_COMMON_BLOCKS = YES;
				GCC_WARN_64_TO_32_BIT_CONVERSION = YES;
				GCC_WARN_ABOUT_RETURN_TYPE = YES_ERROR;
				GCC_WARN_UNDECLARED_SELECTOR = YES;
				GCC_WARN_UNINITIALIZED_AUTOS = YES_AGGRESSIVE;
				GCC_WARN_UNUSED_FUNCTION = YES;
				GCC_WARN_UNUSED_VARIABLE = YES;
				MACOSX_DEPLOYMENT_TARGET = 10.11;
				MTL_ENABLE_DEBUG_INFO = NO;
				SDKROOT = macosx;
			};
			name = Release;
		};
		D7634FC61FCF8B6E00A1A478 /* Debug */ = {
			isa = XCBuildConfiguration;
			buildSettings = {
				EXECUTABLE_PREFIX = lib;
				HEADER_SEARCH_PATHS = (
					/usr/local/opt/openssl/include,
					/usr/local/include,
				);
				LIBRARY_SEARCH_PATHS = "";
				OTHER_CFLAGS = (
					"-DNIST_DRBG_AES",
					"-ansi",
					"-std=c99",
					"-Wall",
					"-Werror",
					"-Wpedantic",
					"-fomit-frame-pointer",
					"-fwrapv",
				);
				OTHER_LDFLAGS = "";
				PRODUCT_NAME = "$(TARGET_NAME)";
			};
			name = Debug;
		};
		D7634FC71FCF8B6E00A1A478 /* Release */ = {
			isa = XCBuildConfiguration;
			buildSettings = {
				EXECUTABLE_PREFIX = lib;
				HEADER_SEARCH_PATHS = (
					/usr/local/opt/openssl/include,
					/usr/local/include,
				);
				LIBRARY_SEARCH_PATHS = "";
				OTHER_CFLAGS = (
					"-DNIST_DRBG_AES",
					"-ansi",
					"-std=c99",
					"-Wall",
					"-Werror",
					"-Wpedantic",
					"-fomit-frame-pointer",
					"-fwrapv",
				);
				OTHER_LDFLAGS = "";
				PRODUCT_NAME = "$(TARGET_NAME)";
			};
			name = Release;
		};
		D76350141FCF8BAA00A1A478 /* Debug */ = {
			isa = XCBuildConfiguration;
			buildSettings = {
				LIBRARY_SEARCH_PATHS = (
					/usr/local/opt/openssl/lib,
					/usr/local/lib,
				);
				OTHER_CFLAGS = (
					"-DNTSKEM_M=13",
					"-DNTSKEM_T=136",
				);
				OTHER_LDFLAGS = "-lcrypto";
				PRODUCT_NAME = "$(TARGET_NAME)";
			};
			name = Debug;
		};
		D76350151FCF8BAA00A1A478 /* Release */ = {
			isa = XCBuildConfiguration;
			buildSettings = {
				LIBRARY_SEARCH_PATHS = (
					/usr/local/opt/openssl/lib,
					/usr/local/lib,
				);
				OTHER_CFLAGS = (
					"-DNTSKEM_M=13",
					"-DNTSKEM_T=136",
				);
				OTHER_LDFLAGS = "-lcrypto";
				PRODUCT_NAME = "$(TARGET_NAME)";
			};
			name = Release;
		};
/* End XCBuildConfiguration section */

/* Begin XCConfigurationList section */
		D7634FBC1FCF8B6E00A1A478 /* Build configuration list for PBXProject "ntskem-13-136-64" */ = {
			isa = XCConfigurationList;
			buildConfigurations = (
				D7634FC31FCF8B6E00A1A478 /* Debug */,
				D7634FC41FCF8B6E00A1A478 /* Release */,
			);
			defaultConfigurationIsVisible = 0;
			defaultConfigurationName = Release;
		};
		D7634FC51FCF8B6E00A1A478 /* Build configuration list for PBXNativeTarget "ntskem-13-136-64" */ = {
			isa = XCConfigurationList;
			buildConfigurations = (
				D7634FC61FCF8B6E00A1A478 /* Debug */,
				D7634FC71FCF8B6E00A1A478 /* Release */,
			);
			defaultConfigurationIsVisible = 0;
			defaultConfigurationName = Release;
		};
		D76350131FCF8BAA00A1A478 /* Build configuration list for PBXNativeTarget "ntskem-13-136-64-test" */ = {
			isa = XCConfigurationList;
			buildConfigurations = (
				D76350141FCF8BAA00A1A478 /* Debug */,
				D76350151FCF8BAA00A1A478 /* Release */,
			);
			defaultConfigurationIsVisible = 0;
			defaultConfigurationName = Release;
		};
/* End XCConfigurationList section */
	};
	rootObject = D7634FB91FCF8B6E00A1A478 /* Project object */;
}
