// !$*UTF8*$!
{
	archiveVersion = 1;
	classes = {
	};
	objectVersion = 46;
	objects = {

/* Begin PBXBuildFile section */
		D7634F0A1FCF351700A1A478 /* api.h in Headers */ = {isa = PBXBuildFile; fileRef = D7634EE61FCF351700A1A478 /* api.h */; };
		D7634F0B1FCF351700A1A478 /* a64_consts.h in Headers */ = {isa = PBXBuildFile; fileRef = D7634EE81FCF351700A1A478 /* a64_consts.h */; };
		D7634F0C1FCF351700A1A478 /* bitslice_bma_64.c in Sources */ = {isa = PBXBuildFile; fileRef = D7634EE91FCF351700A1A478 /* bitslice_bma_64.c */; };
		D7634F0D1FCF351700A1A478 /* bitslice_bma_64.h in Headers */ = {isa = PBXBuildFile; fileRef = D7634EEA1FCF351700A1A478 /* bitslice_bma_64.h */; };
		D7634F0E1FCF351700A1A478 /* bitslice_fft_64.c in Sources */ = {isa = PBXBuildFile; fileRef = D7634EEB1FCF351700A1A478 /* bitslice_fft_64.c */; };
		D7634F0F1FCF351700A1A478 /* bitslice_fft_64.h in Headers */ = {isa = PBXBuildFile; fileRef = D7634EEC1FCF351700A1A478 /* bitslice_fft_64.h */; };
		D7634F101FCF351700A1A478 /* twiddles.h in Headers */ = {isa = PBXBuildFile; fileRef = D7634EED1FCF351700A1A478 /* twiddles.h */; };
		D7634F111FCF351700A1A478 /* twist_factors_12.h in Headers */ = {isa = PBXBuildFile; fileRef = D7634EEE1FCF351700A1A478 /* twist_factors_12.h */; };
		D7634F121FCF351700A1A478 /* vector_utils.c in Sources */ = {isa = PBXBuildFile; fileRef = D7634EEF1FCF351700A1A478 /* vector_utils.c */; };
		D7634F131FCF351700A1A478 /* vector_utils.h in Headers */ = {isa = PBXBuildFile; fileRef = D7634EF01FCF351700A1A478 /* vector_utils.h */; };
		D7634F141FCF351700A1A478 /* bits.h in Headers */ = {isa = PBXBuildFile; fileRef = D7634EF11FCF351700A1A478 /* bits.h */; };
		D7634F151FCF351700A1A478 /* ff.c in Sources */ = {isa = PBXBuildFile; fileRef = D7634EF21FCF351700A1A478 /* ff.c */; };
		D7634F161FCF351700A1A478 /* ff.h in Headers */ = {isa = PBXBuildFile; fileRef = D7634EF31FCF351700A1A478 /* ff.h */; };
		D7634F171FCF351700A1A478 /* keccak.c in Sources */ = {isa = PBXBuildFile; fileRef = D7634EF41FCF351700A1A478 /* keccak.c */; };
		D7634F181FCF351700A1A478 /* keccak.h in Headers */ = {isa = PBXBuildFile; fileRef = D7634EF51FCF351700A1A478 /* keccak.h */; };
		D7634F191FCF351700A1A478 /* kem.c in Sources */ = {isa = PBXBuildFile; fileRef = D7634EF61FCF351700A1A478 /* kem.c */; };
		D7634F1A1FCF351700A1A478 /* m4r.c in Sources */ = {isa = PBXBuildFile; fileRef = D7634EF71FCF351700A1A478 /* m4r.c */; };
		D7634F1B1FCF351700A1A478 /* m4r.h in Headers */ = {isa = PBXBuildFile; fileRef = D7634EF81FCF351700A1A478 /* m4r.h */; };
		D7634F1D1FCF351700A1A478 /* matrix_ff2.c in Sources */ = {isa = PBXBuildFile; fileRef = D7634EFA1FCF351700A1A478 /* matrix_ff2.c */; };
		D7634F1E1FCF351700A1A478 /* matrix_ff2.h in Headers */ = {isa = PBXBuildFile; fileRef = D7634EFB1FCF351700A1A478 /* matrix_ff2.h */; };
		D7634F1F1FCF351700A1A478 /* PQCgenKAT_kem.c in Sources */ = {isa = PBXBuildFile; fileRef = D7634EFD1FCF351700A1A478 /* PQCgenKAT_kem.c */; };
		D7634F201FCF351700A1A478 /* aes_drbg.c in Sources */ = {isa = PBXBuildFile; fileRef = D7634EFE1FCF351700A1A478 /* aes_drbg.c */; };
		D7634F211FCF351700A1A478 /* aes_drbg.h in Headers */ = {isa = PBXBuildFile; fileRef = D7634EFF1FCF351700A1A478 /* aes_drbg.h */; };
		D7634F221FCF351700A1A478 /* nts_kem_errors.h in Headers */ = {isa = PBXBuildFile; fileRef = D7634F001FCF351700A1A478 /* nts_kem_errors.h */; };
		D7634F231FCF351700A1A478 /* nts_kem_params.h in Headers */ = {isa = PBXBuildFile; fileRef = D7634F011FCF351700A1A478 /* nts_kem_params.h */; };
		D7634F241FCF351700A1A478 /* nts_kem.c in Sources */ = {isa = PBXBuildFile; fileRef = D7634F021FCF351700A1A478 /* nts_kem.c */; };
		D7634F251FCF351700A1A478 /* nts_kem.h in Headers */ = {isa = PBXBuildFile; fileRef = D7634F031FCF351700A1A478 /* nts_kem.h */; };
		D7634F261FCF351700A1A478 /* polynomial.c in Sources */ = {isa = PBXBuildFile; fileRef = D7634F041FCF351700A1A478 /* polynomial.c */; };
		D7634F271FCF351700A1A478 /* polynomial.h in Headers */ = {isa = PBXBuildFile; fileRef = D7634F051FCF351700A1A478 /* polynomial.h */; };
		D7634F281FCF351700A1A478 /* random.c in Sources */ = {isa = PBXBuildFile; fileRef = D7634F061FCF351700A1A478 /* random.c */; };
		D7634F291FCF351700A1A478 /* random.h in Headers */ = {isa = PBXBuildFile; fileRef = D7634F071FCF351700A1A478 /* random.h */; };
		D7634F3A1FCF355400A1A478 /* main.c in Sources */ = {isa = PBXBuildFile; fileRef = D7634F371FCF355400A1A478 /* main.c */; };
		D7634F3B1FCF355400A1A478 /* ntskem_test.c in Sources */ = {isa = PBXBuildFile; fileRef = D7634F381FCF355400A1A478 /* ntskem_test.c */; };
		D7634F3E1FCF35D200A1A478 /* libntskem-12-64-64.a in Frameworks */ = {isa = PBXBuildFile; fileRef = D7634EDE1FCF34CD00A1A478 /* libntskem-12-64-64.a */; };
/* End PBXBuildFile section */

/* Begin PBXContainerItemProxy section */
		D7634F3C1FCF35CE00A1A478 /* PBXContainerItemProxy */ = {
			isa = PBXContainerItemProxy;
			containerPortal = D7634ED61FCF34CD00A1A478 /* Project object */;
			proxyType = 1;
			remoteGlobalIDString = D7634EDD1FCF34CD00A1A478;
			remoteInfo = "ntskem-12-64-64";
		};
/* End PBXContainerItemProxy section */

/* Begin PBXCopyFilesBuildPhase section */
		D7634F2E1FCF353300A1A478 /* CopyFiles */ = {
			isa = PBXCopyFilesBuildPhase;
			buildActionMask = 2147483647;
			dstPath = /usr/share/man/man1/;
			dstSubfolderSpec = 0;
			files = (
			);
			runOnlyForDeploymentPostprocessing = 1;
		};
/* End PBXCopyFilesBuildPhase section */

/* Begin PBXFileReference section */
		D7634EDE1FCF34CD00A1A478 /* libntskem-12-64-64.a */ = {isa = PBXFileReference; explicitFileType = archive.ar; includeInIndex = 0; path = "libntskem-12-64-64.a"; sourceTree = BUILT_PRODUCTS_DIR; };
		D7634EE61FCF351700A1A478 /* api.h */ = {isa = PBXFileReference; fileEncoding = 4; lastKnownFileType = sourcecode.c.h; name = api.h; path = ../../../submission/Optimized_Implementation/kem/nts_kem_12_64/api.h; sourceTree = "<group>"; };
		D7634EE81FCF351700A1A478 /* a64_consts.h */ = {isa = PBXFileReference; fileEncoding = 4; lastKnownFileType = sourcecode.c.h; path = a64_consts.h; sourceTree = "<group>"; };
		D7634EE91FCF351700A1A478 /* bitslice_bma_64.c */ = {isa = PBXFileReference; fileEncoding = 4; lastKnownFileType = sourcecode.c.c; path = bitslice_bma_64.c; sourceTree = "<group>"; };
		D7634EEA1FCF351700A1A478 /* bitslice_bma_64.h */ = {isa = PBXFileReference; fileEncoding = 4; lastKnownFileType = sourcecode.c.h; path = bitslice_bma_64.h; sourceTree = "<group>"; };
		D7634EEB1FCF351700A1A478 /* bitslice_fft_64.c */ = {isa = PBXFileReference; fileEncoding = 4; lastKnownFileType = sourcecode.c.c; path = bitslice_fft_64.c; sourceTree = "<group>"; };
		D7634EEC1FCF351700A1A478 /* bitslice_fft_64.h */ = {isa = PBXFileReference; fileEncoding = 4; lastKnownFileType = sourcecode.c.h; path = bitslice_fft_64.h; sourceTree = "<group>"; };
		D7634EED1FCF351700A1A478 /* twiddles.h */ = {isa = PBXFileReference; fileEncoding = 4; lastKnownFileType = sourcecode.c.h; path = twiddles.h; sourceTree = "<group>"; };
		D7634EEE1FCF351700A1A478 /* twist_factors_12.h */ = {isa = PBXFileReference; fileEncoding = 4; lastKnownFileType = sourcecode.c.h; path = twist_factors_12.h; sourceTree = "<group>"; };
		D7634EEF1FCF351700A1A478 /* vector_utils.c */ = {isa = PBXFileReference; fileEncoding = 4; lastKnownFileType = sourcecode.c.c; path = vector_utils.c; sourceTree = "<group>"; };
		D7634EF01FCF351700A1A478 /* vector_utils.h */ = {isa = PBXFileReference; fileEncoding = 4; lastKnownFileType = sourcecode.c.h; path = vector_utils.h; sourceTree = "<group>"; };
		D7634EF11FCF351700A1A478 /* bits.h */ = {isa = PBXFileReference; fileEncoding = 4; lastKnownFileType = sourcecode.c.h; name = bits.h; path = ../../../submission/Optimized_Implementation/kem/nts_kem_12_64/bits.h; sourceTree = "<group>"; };
		D7634EF21FCF351700A1A478 /* ff.c */ = {isa = PBXFileReference; fileEncoding = 4; lastKnownFileType = sourcecode.c.c; name = ff.c; path = ../../../submission/Optimized_Implementation/kem/nts_kem_12_64/ff.c; sourceTree = "<group>"; };
		D7634EF31FCF351700A1A478 /* ff.h */ = {isa = PBXFileReference; fileEncoding = 4; lastKnownFileType = sourcecode.c.h; name = ff.h; path = ../../../submission/Optimized_Implementation/kem/nts_kem_12_64/ff.h; sourceTree = "<group>"; };
		D7634EF41FCF351700A1A478 /* keccak.c */ = {isa = PBXFileReference; fileEncoding = 4; lastKnownFileType = sourcecode.c.c; name = keccak.c; path = ../../../submission/Optimized_Implementation/kem/nts_kem_12_64/keccak.c; sourceTree = "<group>"; };
		D7634EF51FCF351700A1A478 /* keccak.h */ = {isa = PBXFileReference; fileEncoding = 4; lastKnownFileType = sourcecode.c.h; name = keccak.h; path = ../../../submission/Optimized_Implementation/kem/nts_kem_12_64/keccak.h; sourceTree = "<group>"; };
		D7634EF61FCF351700A1A478 /* kem.c */ = {isa = PBXFileReference; fileEncoding = 4; lastKnownFileType = sourcecode.c.c; name = kem.c; path = ../../../submission/Optimized_Implementation/kem/nts_kem_12_64/kem.c; sourceTree = "<group>"; };
		D7634EF71FCF351700A1A478 /* m4r.c */ = {isa = PBXFileReference; fileEncoding = 4; lastKnownFileType = sourcecode.c.c; name = m4r.c; path = ../../../submission/Optimized_Implementation/kem/nts_kem_12_64/m4r.c; sourceTree = "<group>"; };
		D7634EF81FCF351700A1A478 /* m4r.h */ = {isa = PBXFileReference; fileEncoding = 4; lastKnownFileType = sourcecode.c.h; name = m4r.h; path = ../../../submission/Optimized_Implementation/kem/nts_kem_12_64/m4r.h; sourceTree = "<group>"; };
		D7634EFA1FCF351700A1A478 /* matrix_ff2.c */ = {isa = PBXFileReference; fileEncoding = 4; lastKnownFileType = sourcecode.c.c; name = matrix_ff2.c; path = ../../../submission/Optimized_Implementation/kem/nts_kem_12_64/matrix_ff2.c; sourceTree = "<group>"; };
		D7634EFB1FCF351700A1A478 /* matrix_ff2.h */ = {isa = PBXFileReference; fileEncoding = 4; lastKnownFileType = sourcecode.c.h; name = matrix_ff2.h; path = ../../../submission/Optimized_Implementation/kem/nts_kem_12_64/matrix_ff2.h; sourceTree = "<group>"; };
		D7634EFD1FCF351700A1A478 /* PQCgenKAT_kem.c */ = {isa = PBXFileReference; fileEncoding = 4; lastKnownFileType = sourcecode.c.c; path = PQCgenKAT_kem.c; sourceTree = "<group>"; };
		D7634EFE1FCF351700A1A478 /* aes_drbg.c */ = {isa = PBXFileReference; fileEncoding = 4; lastKnownFileType = sourcecode.c.c; path = aes_drbg.c; sourceTree = "<group>"; };
		D7634EFF1FCF351700A1A478 /* aes_drbg.h */ = {isa = PBXFileReference; fileEncoding = 4; lastKnownFileType = sourcecode.c.h; path = aes_drbg.h; sourceTree = "<group>"; };
		D7634F001FCF351700A1A478 /* nts_kem_errors.h */ = {isa = PBXFileReference; fileEncoding = 4; lastKnownFileType = sourcecode.c.h; name = nts_kem_errors.h; path = ../../../submission/Optimized_Implementation/kem/nts_kem_12_64/nts_kem_errors.h; sourceTree = "<group>"; };
		D7634F011FCF351700A1A478 /* nts_kem_params.h */ = {isa = PBXFileReference; fileEncoding = 4; lastKnownFileType = sourcecode.c.h; name = nts_kem_params.h; path = ../../../submission/Optimized_Implementation/kem/nts_kem_12_64/nts_kem_params.h; sourceTree = "<group>"; };
		D7634F021FCF351700A1A478 /* nts_kem.c */ = {isa = PBXFileReference; fileEncoding = 4; lastKnownFileType = sourcecode.c.c; name = nts_kem.c; path = ../../../submission/Optimized_Implementation/kem/nts_kem_12_64/nts_kem.c; sourceTree = "<group>"; };
		D7634F031FCF351700A1A478 /* nts_kem.h */ = {isa = PBXFileReference; fileEncoding = 4; lastKnownFileType = sourcecode.c.h; name = nts_kem.h; path = ../../../submission/Optimized_Implementation/kem/nts_kem_12_64/nts_kem.h; sourceTree = "<group>"; };
		D7634F041FCF351700A1A478 /* polynomial.c */ = {isa = PBXFileReference; fileEncoding = 4; lastKnownFileType = sourcecode.c.c; name = polynomial.c; path = ../../../submission/Optimized_Implementation/kem/nts_kem_12_64/polynomial.c; sourceTree = "<group>"; };
		D7634F051FCF351700A1A478 /* polynomial.h */ = {isa = PBXFileReference; fileEncoding = 4; lastKnownFileType = sourcecode.c.h; name = polynomial.h; path = ../../../submission/Optimized_Implementation/kem/nts_kem_12_64/polynomial.h; sourceTree = "<group>"; };
		D7634F061FCF351700A1A478 /* random.c */ = {isa = PBXFileReference; fileEncoding = 4; lastKnownFileType = sourcecode.c.c; name = random.c; path = ../../../submission/Optimized_Implementation/kem/nts_kem_12_64/random.c; sourceTree = "<group>"; };
		D7634F071FCF351700A1A478 /* random.h */ = {isa = PBXFileReference; fileEncoding = 4; lastKnownFileType = sourcecode.c.h; name = random.h; path = ../../../submission/Optimized_Implementation/kem/nts_kem_12_64/random.h; sourceTree = "<group>"; };
		D7634F301FCF353300A1A478 /* ntskem-12-64-64-test */ = {isa = PBXFileReference; explicitFileType = "compiled.mach-o.executable"; includeInIndex = 0; path = "ntskem-12-64-64-test"; sourceTree = BUILT_PRODUCTS_DIR; };
		D7634F371FCF355400A1A478 /* main.c */ = {isa = PBXFileReference; fileEncoding = 4; lastKnownFileType = sourcecode.c.c; name = main.c; path = ../../../../submission/Optimized_Implementation/kem/nts_kem_12_64/test/main.c; sourceTree = "<group>"; };
		D7634F381FCF355400A1A478 /* ntskem_test.c */ = {isa = PBXFileReference; fileEncoding = 4; lastKnownFileType = sourcecode.c.c; name = ntskem_test.c; path = ../../../../submission/Optimized_Implementation/kem/nts_kem_12_64/test/ntskem_test.c; sourceTree = "<group>"; };
		D7634F391FCF355400A1A478 /* ntskem_test.h */ = {isa = PBXFileReference; fileEncoding = 4; lastKnownFileType = sourcecode.c.h; name = ntskem_test.h; path = ../../../../submission/Optimized_Implementation/kem/nts_kem_12_64/test/ntskem_test.h; sourceTree = "<group>"; };
/* End PBXFileReference section */

/* Begin PBXFrameworksBuildPhase section */
		D7634EDB1FCF34CD00A1A478 /* Frameworks */ = {
			isa = PBXFrameworksBuildPhase;
			buildActionMask = 2147483647;
			files = (
			);
			runOnlyForDeploymentPostprocessing = 0;
		};
		D7634F2D1FCF353300A1A478 /* Frameworks */ = {
			isa = PBXFrameworksBuildPhase;
			buildActionMask = 2147483647;
			files = (
				D7634F3E1FCF35D200A1A478 /* libntskem-12-64-64.a in Frameworks */,
			);
			runOnlyForDeploymentPostprocessing = 0;
		};
/* End PBXFrameworksBuildPhase section */

/* Begin PBXGroup section */
		D7634ED51FCF34CD00A1A478 = {
			isa = PBXGroup;
			children = (
				D7634EE51FCF34D600A1A478 /* src */,
				D7634F311FCF353300A1A478 /* ntskem-12-64-64-test */,
				D7634EDF1FCF34CD00A1A478 /* Products */,
			);
			sourceTree = "<group>";
		};
		D7634EDF1FCF34CD00A1A478 /* Products */ = {
			isa = PBXGroup;
			children = (
				D7634EDE1FCF34CD00A1A478 /* libntskem-12-64-64.a */,
				D7634F301FCF353300A1A478 /* ntskem-12-64-64-test */,
			);
			name = Products;
			sourceTree = "<group>";
		};
		D7634EE51FCF34D600A1A478 /* src */ = {
			isa = PBXGroup;
			children = (
				D7634EE71FCF351700A1A478 /* bit-slice */,
				D7634EFC1FCF351700A1A478 /* nist */,
				D7634EE61FCF351700A1A478 /* api.h */,
				D7634EF11FCF351700A1A478 /* bits.h */,
				D7634EF21FCF351700A1A478 /* ff.c */,
				D7634EF31FCF351700A1A478 /* ff.h */,
				D7634EF41FCF351700A1A478 /* keccak.c */,
				D7634EF51FCF351700A1A478 /* keccak.h */,
				D7634EF61FCF351700A1A478 /* kem.c */,
				D7634EF71FCF351700A1A478 /* m4r.c */,
				D7634EF81FCF351700A1A478 /* m4r.h */,
				D7634EFA1FCF351700A1A478 /* matrix_ff2.c */,
				D7634EFB1FCF351700A1A478 /* matrix_ff2.h */,
				D7634F001FCF351700A1A478 /* nts_kem_errors.h */,
				D7634F011FCF351700A1A478 /* nts_kem_params.h */,
				D7634F021FCF351700A1A478 /* nts_kem.c */,
				D7634F031FCF351700A1A478 /* nts_kem.h */,
				D7634F041FCF351700A1A478 /* polynomial.c */,
				D7634F051FCF351700A1A478 /* polynomial.h */,
				D7634F061FCF351700A1A478 /* random.c */,
				D7634F071FCF351700A1A478 /* random.h */,
			);
			name = src;
			sourceTree = "<group>";
		};
		D7634EE71FCF351700A1A478 /* bit-slice */ = {
			isa = PBXGroup;
			children = (
				D7634EE81FCF351700A1A478 /* a64_consts.h */,
				D7634EE91FCF351700A1A478 /* bitslice_bma_64.c */,
				D7634EEA1FCF351700A1A478 /* bitslice_bma_64.h */,
				D7634EEB1FCF351700A1A478 /* bitslice_fft_64.c */,
				D7634EEC1FCF351700A1A478 /* bitslice_fft_64.h */,
				D7634EED1FCF351700A1A478 /* twiddles.h */,
				D7634EEE1FCF351700A1A478 /* twist_factors_12.h */,
				D7634EEF1FCF351700A1A478 /* vector_utils.c */,
				D7634EF01FCF351700A1A478 /* vector_utils.h */,
			);
			name = "bit-slice";
			path = "../../../submission/Optimized_Implementation/kem/nts_kem_12_64/bit-slice";
			sourceTree = "<group>";
		};
		D7634EFC1FCF351700A1A478 /* nist */ = {
			isa = PBXGroup;
			children = (
				D7634EFD1FCF351700A1A478 /* PQCgenKAT_kem.c */,
				D7634EFE1FCF351700A1A478 /* aes_drbg.c */,
				D7634EFF1FCF351700A1A478 /* aes_drbg.h */,
			);
			name = nist;
			path = ../../../submission/Optimized_Implementation/kem/nts_kem_12_64/nist;
			sourceTree = "<group>";
		};
		D7634F311FCF353300A1A478 /* ntskem-12-64-64-test */ = {
			isa = PBXGroup;
			children = (
				D7634F371FCF355400A1A478 /* main.c */,
				D7634F381FCF355400A1A478 /* ntskem_test.c */,
				D7634F391FCF355400A1A478 /* ntskem_test.h */,
			);
			path = "ntskem-12-64-64-test";
			sourceTree = "<group>";
		};
/* End PBXGroup section */

/* Begin PBXHeadersBuildPhase section */
		D7634EDC1FCF34CD00A1A478 /* Headers */ = {
			isa = PBXHeadersBuildPhase;
			buildActionMask = 2147483647;
			files = (
				D7634F251FCF351700A1A478 /* nts_kem.h in Headers */,
				D7634F1E1FCF351700A1A478 /* matrix_ff2.h in Headers */,
				D7634F231FCF351700A1A478 /* nts_kem_params.h in Headers */,
				D7634F1B1FCF351700A1A478 /* m4r.h in Headers */,
				D7634F0F1FCF351700A1A478 /* bitslice_fft_64.h in Headers */,
				D7634F0D1FCF351700A1A478 /* bitslice_bma_64.h in Headers */,
				D7634F271FCF351700A1A478 /* polynomial.h in Headers */,
				D7634F0B1FCF351700A1A478 /* a64_consts.h in Headers */,
				D7634F0A1FCF351700A1A478 /* api.h in Headers */,
				D7634F131FCF351700A1A478 /* vector_utils.h in Headers */,
				D7634F111FCF351700A1A478 /* twist_factors_12.h in Headers */,
				D7634F291FCF351700A1A478 /* random.h in Headers */,
				D7634F141FCF351700A1A478 /* bits.h in Headers */,
				D7634F101FCF351700A1A478 /* twiddles.h in Headers */,
				D7634F181FCF351700A1A478 /* keccak.h in Headers */,
				D7634F221FCF351700A1A478 /* nts_kem_errors.h in Headers */,
				D7634F211FCF351700A1A478 /* aes_drbg.h in Headers */,
				D7634F161FCF351700A1A478 /* ff.h in Headers */,
			);
			runOnlyForDeploymentPostprocessing = 0;
		};
/* End PBXHeadersBuildPhase section */

/* Begin PBXNativeTarget section */
		D7634EDD1FCF34CD00A1A478 /* ntskem-12-64-64 */ = {
			isa = PBXNativeTarget;
			buildConfigurationList = D7634EE21FCF34CD00A1A478 /* Build configuration list for PBXNativeTarget "ntskem-12-64-64" */;
			buildPhases = (
				D7634EDA1FCF34CD00A1A478 /* Sources */,
				D7634EDB1FCF34CD00A1A478 /* Frameworks */,
				D7634EDC1FCF34CD00A1A478 /* Headers */,
			);
			buildRules = (
			);
			dependencies = (
			);
			name = "ntskem-12-64-64";
			productName = "ntskem-12-64-64";
			productReference = D7634EDE1FCF34CD00A1A478 /* libntskem-12-64-64.a */;
			productType = "com.apple.product-type.library.static";
		};
		D7634F2F1FCF353300A1A478 /* ntskem-12-64-64-test */ = {
			isa = PBXNativeTarget;
			buildConfigurationList = D7634F341FCF353300A1A478 /* Build configuration list for PBXNativeTarget "ntskem-12-64-64-test" */;
			buildPhases = (
				D7634F2C1FCF353300A1A478 /* Sources */,
				D7634F2D1FCF353300A1A478 /* Frameworks */,
				D7634F2E1FCF353300A1A478 /* CopyFiles */,
			);
			buildRules = (
			);
			dependencies = (
				D7634F3D1FCF35CE00A1A478 /* PBXTargetDependency */,
			);
			name = "ntskem-12-64-64-test";
			productName = "ntskem-12-64-64-test";
			productReference = D7634F301FCF353300A1A478 /* ntskem-12-64-64-test */;
			productType = "com.apple.product-type.tool";
		};
/* End PBXNativeTarget section */

/* Begin PBXProject section */
		D7634ED61FCF34CD00A1A478 /* Project object */ = {
			isa = PBXProject;
			attributes = {
				LastUpgradeCheck = 0820;
				ORGANIZATIONNAME = "Post-Quantum";
				TargetAttributes = {
					D7634EDD1FCF34CD00A1A478 = {
						CreatedOnToolsVersion = 8.2.1;
						ProvisioningStyle = Automatic;
					};
					D7634F2F1FCF353300A1A478 = {
						CreatedOnToolsVersion = 8.2.1;
						ProvisioningStyle = Automatic;
					};
				};
			};
			buildConfigurationList = D7634ED91FCF34CD00A1A478 /* Build configuration list for PBXProject "ntskem-12-64-64" */;
			compatibilityVersion = "Xcode 3.2";
			developmentRegion = English;
			hasScannedForEncodings = 0;
			knownRegions = (
				en,
			);
			mainGroup = D7634ED51FCF34CD00A1A478;
			productRefGroup = D7634EDF1FCF34CD00A1A478 /* Products */;
			projectDirPath = "";
			projectRoot = "";
			targets = (
				D7634EDD1FCF34CD00A1A478 /* ntskem-12-64-64 */,
				D7634F2F1FCF353300A1A478 /* ntskem-12-64-64-test */,
			);
		};
/* End PBXProject section */

/* Begin PBXSourcesBuildPhase section */
		D7634EDA1FCF34CD00A1A478 /* Sources */ = {
			isa = PBXSourcesBuildPhase;
			buildActionMask = 2147483647;
			files = (
				D7634F1F1FCF351700A1A478 /* PQCgenKAT_kem.c in Sources */,
				D7634F0C1FCF351700A1A478 /* bitslice_bma_64.c in Sources */,
				D7634F151FCF351700A1A478 /* ff.c in Sources */,
				D7634F241FCF351700A1A478 /* nts_kem.c in Sources */,
				D7634F121FCF351700A1A478 /* vector_utils.c in Sources */,
				D7634F191FCF351700A1A478 /* kem.c in Sources */,
				D7634F1A1FCF351700A1A478 /* m4r.c in Sources */,
				D7634F261FCF351700A1A478 /* polynomial.c in Sources */,
				D7634F171FCF351700A1A478 /* keccak.c in Sources */,
				D7634F281FCF351700A1A478 /* random.c in Sources */,
				D7634F0E1FCF351700A1A478 /* bitslice_fft_64.c in Sources */,
				D7634F1D1FCF351700A1A478 /* matrix_ff2.c in Sources */,
				D7634F201FCF351700A1A478 /* aes_drbg.c in Sources */,
			);
			runOnlyForDeploymentPostprocessing = 0;
		};
		D7634F2C1FCF353300A1A478 /* Sources */ = {
			isa = PBXSourcesBuildPhase;
			buildActionMask = 2147483647;
			files = (
				D7634F3A1FCF355400A1A478 /* main.c in Sources */,
				D7634F3B1FCF355400A1A478 /* ntskem_test.c in Sources */,
			);
			runOnlyForDeploymentPostprocessing = 0;
		};
/* End PBXSourcesBuildPhase section */

/* Begin PBXTargetDependency section */
		D7634F3D1FCF35CE00A1A478 /* PBXTargetDependency */ = {
			isa = PBXTargetDependency;
			target = D7634EDD1FCF34CD00A1A478 /* ntskem-12-64-64 */;
			targetProxy = D7634F3C1FCF35CE00A1A478 /* PBXContainerItemProxy */;
		};
/* End PBXTargetDependency section */

/* Begin XCBuildConfiguration section */
		D7634EE01FCF34CD00A1A478 /* Debug */ = {
			isa = XCBuildConfiguration;
			buildSettings = {
				ALWAYS_SEARCH_USER_PATHS = NO;
				CLANG_ANALYZER_NONNULL = YES;
				CLANG_CXX_LANGUAGE_STANDARD = "gnu++0x";
				CLANG_CXX_LIBRARY = "libc++";
				CLANG_ENABLE_MODULES = YES;
				CLANG_ENABLE_OBJC_ARC = YES;
				CLANG_WARN_BOOL_CONVERSION = YES;
				CLANG_WARN_CONSTANT_CONVERSION = YES;
				CLANG_WARN_DIRECT_OBJC_ISA_USAGE = YES_ERROR;
				CLANG_WARN_DOCUMENTATION_COMMENTS = YES;
				CLANG_WARN_EMPTY_BODY = YES;
				CLANG_WARN_ENUM_CONVERSION = YES;
				CLANG_WARN_INFINITE_RECURSION = YES;
				CLANG_WARN_INT_CONVERSION = YES;
				CLANG_WARN_OBJC_ROOT_CLASS = YES_ERROR;
				CLANG_WARN_SUSPICIOUS_MOVE = YES;
				CLANG_WARN_UNREACHABLE_CODE = YES;
				CLANG_WARN__DUPLICATE_METHOD_MATCH = YES;
				CODE_SIGN_IDENTITY = "-";
				COPY_PHASE_STRIP = NO;
				DEBUG_INFORMATION_FORMAT = dwarf;
				ENABLE_STRICT_OBJC_MSGSEND = YES;
				ENABLE_TESTABILITY = YES;
				GCC_C_LANGUAGE_STANDARD = gnu99;
				GCC_DYNAMIC_NO_PIC = NO;
				GCC_NO_COMMON_BLOCKS = YES;
				GCC_OPTIMIZATION_LEVEL = 0;
				GCC_PREPROCESSOR_DEFINITIONS = (
					"DEBUG=1",
					"$(inherited)",
				);
				GCC_WARN_64_TO_32_BIT_CONVERSION = YES;
				GCC_WARN_ABOUT_RETURN_TYPE = YES_ERROR;
				GCC_WARN_UNDECLARED_SELECTOR = YES;
				GCC_WARN_UNINITIALIZED_AUTOS = YES_AGGRESSIVE;
				GCC_WARN_UNUSED_FUNCTION = YES;
				GCC_WARN_UNUSED_VARIABLE = YES;
				MACOSX_DEPLOYMENT_TARGET = 10.11;
				MTL_ENABLE_DEBUG_INFO = YES;
				ONLY_ACTIVE_ARCH = YES;
				SDKROOT = macosx;
			};
			name = Debug;
		};
		D7634EE11FCF34CD00A1A478 /* Release */ = {
			isa = XCBuildConfiguration;
			buildSettings = {
				ALWAYS_SEARCH_USER_PATHS = NO;
				CLANG_ANALYZER_NONNULL = YES;
				CLANG_CXX_LANGUAGE_STANDARD = "gnu++0x";
				CLANG_CXX_LIBRARY = "libc++";
				CLANG_ENABLE_MODULES = YES;
				CLANG_ENABLE_OBJC_ARC = YES;
				CLANG_WARN_BOOL_CONVERSION = YES;
				CLANG_WARN_CONSTANT_CONVERSION = YES;
				CLANG_WARN_DIRECT_OBJC_ISA_USAGE = YES_ERROR;
				CLANG_WARN_DOCUMENTATION_COMMENTS = YES;
				CLANG_WARN_EMPTY_BODY = YES;
				CLANG_WARN_ENUM_CONVERSION = YES;
				CLANG_WARN_INFINITE_RECURSION = YES;
				CLANG_WARN_INT_CONVERSION = YES;
				CLANG_WARN_OBJC_ROOT_CLASS = YES_ERROR;
				CLANG_WARN_SUSPICIOUS_MOVE = YES;
				CLANG_WARN_UNREACHABLE_CODE = YES;
				CLANG_WARN__DUPLICATE_METHOD_MATCH = YES;
				CODE_SIGN_IDENTITY = "-";
				COPY_PHASE_STRIP = NO;
				DEBUG_INFORMATION_FORMAT = "dwarf-with-dsym";
				ENABLE_NS_ASSERTIONS = NO;
				ENABLE_STRICT_OBJC_MSGSEND = YES;
				GCC_C_LANGUAGE_STANDARD = gnu99;
				GCC_NO_COMMON_BLOCKS = YES;
				GCC_WARN_64_TO_32_BIT_CONVERSION = YES;
				GCC_WARN_ABOUT_RETURN_TYPE = YES_ERROR;
				GCC_WARN_UNDECLARED_SELECTOR = YES;
				GCC_WARN_UNINITIALIZED_AUTOS = YES_AGGRESSIVE;
				GCC_WARN_UNUSED_FUNCTION = YES;
				GCC_WARN_UNUSED_VARIABLE = YES;
				MACOSX_DEPLOYMENT_TARGET = 10.11;
				MTL_ENABLE_DEBUG_INFO = NO;
				SDKROOT = macosx;
			};
			name = Release;
		};
		D7634EE31FCF34CD00A1A478 /* Debug */ = {
			isa = XCBuildConfiguration;
			buildSettings = {
				EXECUTABLE_PREFIX = lib;
				HEADER_SEARCH_PATHS = (
					/usr/local/opt/openssl/include,
					/usr/local/include,
				);
				OTHER_CFLAGS = (
					"-DNIST_DRBG_AES",
					"-DBENCHMARK",
					"-ansi",
					"-std=c99",
					"-Wall",
					"-Wpedantic",
					"-fomit-frame-pointer",
					"-fwrapv",
				);
				PRODUCT_NAME = "$(TARGET_NAME)";
			};
			name = Debug;
		};
		D7634EE41FCF34CD00A1A478 /* Release */ = {
			isa = XCBuildConfiguration;
			buildSettings = {
				EXECUTABLE_PREFIX = lib;
				HEADER_SEARCH_PATHS = (
					/usr/local/opt/openssl/include,
					/usr/local/include,
				);
				OTHER_CFLAGS = (
					"-DNIST_DRBG_AES",
					"-DBENCHMARK",
					"-ansi",
					"-std=c99",
					"-Wall",
					"-Wpedantic",
					"-fomit-frame-pointer",
					"-fwrapv",
				);
				PRODUCT_NAME = "$(TARGET_NAME)";
			};
			name = Release;
		};
		D7634F351FCF353300A1A478 /* Debug */ = {
			isa = XCBuildConfiguration;
			buildSettings = {
				LIBRARY_SEARCH_PATHS = (
					/usr/local/opt/openssl/lib,
					/usr/local/lib,
				);
				OTHER_CFLAGS = (
					"-DNTSKEM_M=12",
					"-DNTSKEM_T=64",
				);
				OTHER_LDFLAGS = "-lcrypto";
				PRODUCT_NAME = "$(TARGET_NAME)";
			};
			name = Debug;
		};
		D7634F361FCF353300A1A478 /* Release */ = {
			isa = XCBuildConfiguration;
			buildSettings = {
				LIBRARY_SEARCH_PATHS = (
					/usr/local/opt/openssl/lib,
					/usr/local/lib,
				);
				OTHER_CFLAGS = (
					"-DNTSKEM_M=12",
					"-DNTSKEM_T=64",
				);
				OTHER_LDFLAGS = "-lcrypto";
				PRODUCT_NAME = "$(TARGET_NAME)";
			};
			name = Release;
		};
/* End XCBuildConfiguration section */

/* Begin XCConfigurationList section */
		D7634ED91FCF34CD00A1A478 /* Build configuration list for PBXProject "ntskem-12-64-64" */ = {
			isa = XCConfigurationList;
			buildConfigurations = (
				D7634EE01FCF34CD00A1A478 /* Debug */,
				D7634EE11FCF34CD00A1A478 /* Release */,
			);
			defaultConfigurationIsVisible = 0;
			defaultConfigurationName = Release;
		};
		D7634EE21FCF34CD00A1A478 /* Build configuration list for PBXNativeTarget "ntskem-12-64-64" */ = {
			isa = XCConfigurationList;
			buildConfigurations = (
				D7634EE31FCF34CD00A1A478 /* Debug */,
				D7634EE41FCF34CD00A1A478 /* Release */,
			);
			defaultConfigurationIsVisible = 0;
			defaultConfigurationName = Release;
		};
		D7634F341FCF353300A1A478 /* Build configuration list for PBXNativeTarget "ntskem-12-64-64-test" */ = {
			isa = XCConfigurationList;
			buildConfigurations = (
				D7634F351FCF353300A1A478 /* Debug */,
				D7634F361FCF353300A1A478 /* Release */,
			);
			defaultConfigurationIsVisible = 0;
			defaultConfigurationName = Release;
		};
/* End XCConfigurationList section */
	};
	rootObject = D7634ED61FCF34CD00A1A478 /* Project object */;
}
